// !$*UTF8*$!
{
	archiveVersion = 1;
	classes = {
	};
	objectVersion = 46;
	objects = {

/* Begin PBXBuildFile section */
		52040B221A44D7F2002A6683 /* AppDelegate.swift in Sources */ = {isa = PBXBuildFile; fileRef = 52040B211A44D7F2002A6683 /* AppDelegate.swift */; };
		52040B241A44D7F2002A6683 /* ViewController.swift in Sources */ = {isa = PBXBuildFile; fileRef = 52040B231A44D7F2002A6683 /* ViewController.swift */; };
		52040B271A44D7F2002A6683 /* Main.storyboard in Resources */ = {isa = PBXBuildFile; fileRef = 52040B251A44D7F2002A6683 /* Main.storyboard */; };
		52040B291A44D7F2002A6683 /* Images.xcassets in Resources */ = {isa = PBXBuildFile; fileRef = 52040B281A44D7F2002A6683 /* Images.xcassets */; };
		52040B2C1A44D7F2002A6683 /* LaunchScreen.xib in Resources */ = {isa = PBXBuildFile; fileRef = 52040B2A1A44D7F2002A6683 /* LaunchScreen.xib */; };
		52040B381A44D7F2002A6683 /* ChristmasGiftIdeasTests.swift in Sources */ = {isa = PBXBuildFile; fileRef = 52040B371A44D7F2002A6683 /* ChristmasGiftIdeasTests.swift */; };
		52040B481A44D83B002A6683 /* WatchKit.framework in Frameworks */ = {isa = PBXBuildFile; fileRef = 52040B471A44D83B002A6683 /* WatchKit.framework */; };
		52040B4D1A44D83B002A6683 /* InterfaceController.swift in Sources */ = {isa = PBXBuildFile; fileRef = 52040B4C1A44D83B002A6683 /* InterfaceController.swift */; };
		52040B4F1A44D83B002A6683 /* Images.xcassets in Resources */ = {isa = PBXBuildFile; fileRef = 52040B4E1A44D83B002A6683 /* Images.xcassets */; };
		52040B531A44D83B002A6683 /* ChristmasGiftIdeas Watch App.app in Resources */ = {isa = PBXBuildFile; fileRef = 52040B521A44D83B002A6683 /* ChristmasGiftIdeas Watch App.app */; };
		52040B5A1A44D83B002A6683 /* Interface.storyboard in Resources */ = {isa = PBXBuildFile; fileRef = 52040B591A44D83B002A6683 /* Interface.storyboard */; };
		52040B5C1A44D83B002A6683 /* Images.xcassets in Resources */ = {isa = PBXBuildFile; fileRef = 52040B5B1A44D83B002A6683 /* Images.xcassets */; };
		52040B5F1A44D83B002A6683 /* ChristmasGiftIdeas WatchKit Extension.appex in Embed App Extensions */ = {isa = PBXBuildFile; fileRef = 52040B451A44D83B002A6683 /* ChristmasGiftIdeas WatchKit Extension.appex */; settings = {ATTRIBUTES = (RemoveHeadersOnCopy, ); }; };
/* End PBXBuildFile section */

/* Begin PBXContainerItemProxy section */
		52040B321A44D7F2002A6683 /* PBXContainerItemProxy */ = {
			isa = PBXContainerItemProxy;
			containerPortal = 52040B141A44D7F2002A6683 /* Project object */;
			proxyType = 1;
			remoteGlobalIDString = 52040B1B1A44D7F2002A6683;
			remoteInfo = ChristmasGiftIdeas;
		};
		52040B541A44D83B002A6683 /* PBXContainerItemProxy */ = {
			isa = PBXContainerItemProxy;
			containerPortal = 52040B141A44D7F2002A6683 /* Project object */;
			proxyType = 1;
			remoteGlobalIDString = 52040B511A44D83B002A6683;
			remoteInfo = "ChristmasGiftIdeas Watch App";
		};
		52040B5D1A44D83B002A6683 /* PBXContainerItemProxy */ = {
			isa = PBXContainerItemProxy;
			containerPortal = 52040B141A44D7F2002A6683 /* Project object */;
			proxyType = 1;
			remoteGlobalIDString = 52040B441A44D83B002A6683;
			remoteInfo = "ChristmasGiftIdeas WatchKit Extension";
		};
/* End PBXContainerItemProxy section */

/* Begin PBXCopyFilesBuildPhase section */
		52040B661A44D83B002A6683 /* Embed App Extensions */ = {
			isa = PBXCopyFilesBuildPhase;
			buildActionMask = 2147483647;
			dstPath = "";
			dstSubfolderSpec = 13;
			files = (
				52040B5F1A44D83B002A6683 /* ChristmasGiftIdeas WatchKit Extension.appex in Embed App Extensions */,
			);
			name = "Embed App Extensions";
			runOnlyForDeploymentPostprocessing = 0;
		};
/* End PBXCopyFilesBuildPhase section */

/* Begin PBXFileReference section */
		52040B1C1A44D7F2002A6683 /* ChristmasGiftIdeas.app */ = {isa = PBXFileReference; explicitFileType = wrapper.application; includeInIndex = 0; path = ChristmasGiftIdeas.app; sourceTree = BUILT_PRODUCTS_DIR; };
		52040B201A44D7F2002A6683 /* Info.plist */ = {isa = PBXFileReference; lastKnownFileType = text.plist.xml; path = Info.plist; sourceTree = "<group>"; };
		52040B211A44D7F2002A6683 /* AppDelegate.swift */ = {isa = PBXFileReference; lastKnownFileType = sourcecode.swift; path = AppDelegate.swift; sourceTree = "<group>"; };
		52040B231A44D7F2002A6683 /* ViewController.swift */ = {isa = PBXFileReference; lastKnownFileType = sourcecode.swift; path = ViewController.swift; sourceTree = "<group>"; };
		52040B261A44D7F2002A6683 /* Base */ = {isa = PBXFileReference; lastKnownFileType = file.storyboard; name = Base; path = Base.lproj/Main.storyboard; sourceTree = "<group>"; };
		52040B281A44D7F2002A6683 /* Images.xcassets */ = {isa = PBXFileReference; lastKnownFileType = folder.assetcatalog; path = Images.xcassets; sourceTree = "<group>"; };
		52040B2B1A44D7F2002A6683 /* Base */ = {isa = PBXFileReference; lastKnownFileType = file.xib; name = Base; path = Base.lproj/LaunchScreen.xib; sourceTree = "<group>"; };
		52040B311A44D7F2002A6683 /* ChristmasGiftIdeasTests.xctest */ = {isa = PBXFileReference; explicitFileType = wrapper.cfbundle; includeInIndex = 0; path = ChristmasGiftIdeasTests.xctest; sourceTree = BUILT_PRODUCTS_DIR; };
		52040B361A44D7F2002A6683 /* Info.plist */ = {isa = PBXFileReference; lastKnownFileType = text.plist.xml; path = Info.plist; sourceTree = "<group>"; };
		52040B371A44D7F2002A6683 /* ChristmasGiftIdeasTests.swift */ = {isa = PBXFileReference; lastKnownFileType = sourcecode.swift; path = ChristmasGiftIdeasTests.swift; sourceTree = "<group>"; };
		52040B451A44D83B002A6683 /* ChristmasGiftIdeas WatchKit Extension.appex */ = {isa = PBXFileReference; explicitFileType = "wrapper.app-extension"; includeInIndex = 0; path = "ChristmasGiftIdeas WatchKit Extension.appex"; sourceTree = BUILT_PRODUCTS_DIR; };
		52040B471A44D83B002A6683 /* WatchKit.framework */ = {isa = PBXFileReference; lastKnownFileType = wrapper.framework; name = WatchKit.framework; path = System/Library/Frameworks/WatchKit.framework; sourceTree = SDKROOT; };
		52040B4B1A44D83B002A6683 /* Info.plist */ = {isa = PBXFileReference; lastKnownFileType = text.plist.xml; path = Info.plist; sourceTree = "<group>"; };
		52040B4C1A44D83B002A6683 /* InterfaceController.swift */ = {isa = PBXFileReference; lastKnownFileType = sourcecode.swift; path = InterfaceController.swift; sourceTree = "<group>"; };
		52040B4E1A44D83B002A6683 /* Images.xcassets */ = {isa = PBXFileReference; lastKnownFileType = folder.assetcatalog; path = Images.xcassets; sourceTree = "<group>"; };
		52040B521A44D83B002A6683 /* ChristmasGiftIdeas Watch App.app */ = {isa = PBXFileReference; explicitFileType = wrapper.application; includeInIndex = 0; path = "ChristmasGiftIdeas Watch App.app"; sourceTree = BUILT_PRODUCTS_DIR; };
		52040B581A44D83B002A6683 /* Info.plist */ = {isa = PBXFileReference; lastKnownFileType = text.plist.xml; path = Info.plist; sourceTree = "<group>"; };
		52040B591A44D83B002A6683 /* Interface.storyboard */ = {isa = PBXFileReference; lastKnownFileType = file.storyboard; path = Interface.storyboard; sourceTree = "<group>"; };
		52040B5B1A44D83B002A6683 /* Images.xcassets */ = {isa = PBXFileReference; lastKnownFileType = folder.assetcatalog; path = Images.xcassets; sourceTree = "<group>"; };
/* End PBXFileReference section */

/* Begin PBXFrameworksBuildPhase section */
		52040B191A44D7F2002A6683 /* Frameworks */ = {
			isa = PBXFrameworksBuildPhase;
			buildActionMask = 2147483647;
			files = (
			);
			runOnlyForDeploymentPostprocessing = 0;
		};
		52040B2E1A44D7F2002A6683 /* Frameworks */ = {
			isa = PBXFrameworksBuildPhase;
			buildActionMask = 2147483647;
			files = (
			);
			runOnlyForDeploymentPostprocessing = 0;
		};
		52040B421A44D83B002A6683 /* Frameworks */ = {
			isa = PBXFrameworksBuildPhase;
			buildActionMask = 2147483647;
			files = (
				52040B481A44D83B002A6683 /* WatchKit.framework in Frameworks */,
			);
			runOnlyForDeploymentPostprocessing = 0;
		};
/* End PBXFrameworksBuildPhase section */

/* Begin PBXGroup section */
		52040B131A44D7F2002A6683 = {
			isa = PBXGroup;
			children = (
				52040B1E1A44D7F2002A6683 /* ChristmasGiftIdeas */,
				52040B341A44D7F2002A6683 /* ChristmasGiftIdeasTests */,
				52040B491A44D83B002A6683 /* ChristmasGiftIdeas WatchKit Extension */,
				52040B561A44D83B002A6683 /* ChristmasGiftIdeas Watch App */,
				52040B461A44D83B002A6683 /* Frameworks */,
				52040B1D1A44D7F2002A6683 /* Products */,
			);
			sourceTree = "<group>";
		};
		52040B1D1A44D7F2002A6683 /* Products */ = {
			isa = PBXGroup;
			children = (
				52040B1C1A44D7F2002A6683 /* ChristmasGiftIdeas.app */,
				52040B311A44D7F2002A6683 /* ChristmasGiftIdeasTests.xctest */,
				52040B451A44D83B002A6683 /* ChristmasGiftIdeas WatchKit Extension.appex */,
				52040B521A44D83B002A6683 /* ChristmasGiftIdeas Watch App.app */,
			);
			name = Products;
			sourceTree = "<group>";
		};
		52040B1E1A44D7F2002A6683 /* ChristmasGiftIdeas */ = {
			isa = PBXGroup;
			children = (
				52040B211A44D7F2002A6683 /* AppDelegate.swift */,
				52040B231A44D7F2002A6683 /* ViewController.swift */,
				52040B251A44D7F2002A6683 /* Main.storyboard */,
				52040B281A44D7F2002A6683 /* Images.xcassets */,
				52040B2A1A44D7F2002A6683 /* LaunchScreen.xib */,
				52040B1F1A44D7F2002A6683 /* Supporting Files */,
			);
			path = ChristmasGiftIdeas;
			sourceTree = "<group>";
		};
		52040B1F1A44D7F2002A6683 /* Supporting Files */ = {
			isa = PBXGroup;
			children = (
				52040B201A44D7F2002A6683 /* Info.plist */,
			);
			name = "Supporting Files";
			sourceTree = "<group>";
		};
		52040B341A44D7F2002A6683 /* ChristmasGiftIdeasTests */ = {
			isa = PBXGroup;
			children = (
				52040B371A44D7F2002A6683 /* ChristmasGiftIdeasTests.swift */,
				52040B351A44D7F2002A6683 /* Supporting Files */,
			);
			path = ChristmasGiftIdeasTests;
			sourceTree = "<group>";
		};
		52040B351A44D7F2002A6683 /* Supporting Files */ = {
			isa = PBXGroup;
			children = (
				52040B361A44D7F2002A6683 /* Info.plist */,
			);
			name = "Supporting Files";
			sourceTree = "<group>";
		};
		52040B461A44D83B002A6683 /* Frameworks */ = {
			isa = PBXGroup;
			children = (
				52040B471A44D83B002A6683 /* WatchKit.framework */,
			);
			name = Frameworks;
			sourceTree = "<group>";
		};
		52040B491A44D83B002A6683 /* ChristmasGiftIdeas WatchKit Extension */ = {
			isa = PBXGroup;
			children = (
				52040B4C1A44D83B002A6683 /* InterfaceController.swift */,
				52040B4E1A44D83B002A6683 /* Images.xcassets */,
				52040B4A1A44D83B002A6683 /* Supporting Files */,
			);
			path = "ChristmasGiftIdeas WatchKit Extension";
			sourceTree = "<group>";
		};
		52040B4A1A44D83B002A6683 /* Supporting Files */ = {
			isa = PBXGroup;
			children = (
				52040B4B1A44D83B002A6683 /* Info.plist */,
			);
			name = "Supporting Files";
			sourceTree = "<group>";
		};
		52040B561A44D83B002A6683 /* ChristmasGiftIdeas Watch App */ = {
			isa = PBXGroup;
			children = (
				52040B591A44D83B002A6683 /* Interface.storyboard */,
				52040B5B1A44D83B002A6683 /* Images.xcassets */,
				52040B571A44D83B002A6683 /* Supporting Files */,
			);
			path = "ChristmasGiftIdeas Watch App";
			sourceTree = "<group>";
		};
		52040B571A44D83B002A6683 /* Supporting Files */ = {
			isa = PBXGroup;
			children = (
				52040B581A44D83B002A6683 /* Info.plist */,
			);
			name = "Supporting Files";
			sourceTree = "<group>";
		};
/* End PBXGroup section */

/* Begin PBXNativeTarget section */
		52040B1B1A44D7F2002A6683 /* ChristmasGiftIdeas */ = {
			isa = PBXNativeTarget;
			buildConfigurationList = 52040B3B1A44D7F2002A6683 /* Build configuration list for PBXNativeTarget "ChristmasGiftIdeas" */;
			buildPhases = (
				52040B181A44D7F2002A6683 /* Sources */,
				52040B191A44D7F2002A6683 /* Frameworks */,
				52040B1A1A44D7F2002A6683 /* Resources */,
				52040B661A44D83B002A6683 /* Embed App Extensions */,
			);
			buildRules = (
			);
			dependencies = (
				52040B5E1A44D83B002A6683 /* PBXTargetDependency */,
			);
			name = ChristmasGiftIdeas;
			productName = ChristmasGiftIdeas;
			productReference = 52040B1C1A44D7F2002A6683 /* ChristmasGiftIdeas.app */;
			productType = "com.apple.product-type.application";
		};
		52040B301A44D7F2002A6683 /* ChristmasGiftIdeasTests */ = {
			isa = PBXNativeTarget;
			buildConfigurationList = 52040B3E1A44D7F2002A6683 /* Build configuration list for PBXNativeTarget "ChristmasGiftIdeasTests" */;
			buildPhases = (
				52040B2D1A44D7F2002A6683 /* Sources */,
				52040B2E1A44D7F2002A6683 /* Frameworks */,
				52040B2F1A44D7F2002A6683 /* Resources */,
			);
			buildRules = (
			);
			dependencies = (
				52040B331A44D7F2002A6683 /* PBXTargetDependency */,
			);
			name = ChristmasGiftIdeasTests;
			productName = ChristmasGiftIdeasTests;
			productReference = 52040B311A44D7F2002A6683 /* ChristmasGiftIdeasTests.xctest */;
			productType = "com.apple.product-type.bundle.unit-test";
		};
		52040B441A44D83B002A6683 /* ChristmasGiftIdeas WatchKit Extension */ = {
			isa = PBXNativeTarget;
			buildConfigurationList = 52040B631A44D83B002A6683 /* Build configuration list for PBXNativeTarget "ChristmasGiftIdeas WatchKit Extension" */;
			buildPhases = (
				52040B411A44D83B002A6683 /* Sources */,
				52040B421A44D83B002A6683 /* Frameworks */,
				52040B431A44D83B002A6683 /* Resources */,
			);
			buildRules = (
			);
			dependencies = (
				52040B551A44D83B002A6683 /* PBXTargetDependency */,
			);
			name = "ChristmasGiftIdeas WatchKit Extension";
			productName = "ChristmasGiftIdeas WatchKit Extension";
			productReference = 52040B451A44D83B002A6683 /* ChristmasGiftIdeas WatchKit Extension.appex */;
			productType = "com.apple.product-type.watchkit-extension";
		};
		52040B511A44D83B002A6683 /* ChristmasGiftIdeas Watch App */ = {
			isa = PBXNativeTarget;
			buildConfigurationList = 52040B601A44D83B002A6683 /* Build configuration list for PBXNativeTarget "ChristmasGiftIdeas Watch App" */;
			buildPhases = (
				52040B501A44D83B002A6683 /* Resources */,
			);
			buildRules = (
			);
			dependencies = (
			);
			name = "ChristmasGiftIdeas Watch App";
			productName = "ChristmasGiftIdeas Watch App";
			productReference = 52040B521A44D83B002A6683 /* ChristmasGiftIdeas Watch App.app */;
			productType = "com.apple.product-type.application.watchapp";
		};
/* End PBXNativeTarget section */

/* Begin PBXProject section */
		52040B141A44D7F2002A6683 /* Project object */ = {
			isa = PBXProject;
			attributes = {
				LastUpgradeCheck = 0620;
				ORGANIZATIONNAME = "Joey Tawadrous";
				TargetAttributes = {
					52040B1B1A44D7F2002A6683 = {
						CreatedOnToolsVersion = 6.2;
					};
					52040B301A44D7F2002A6683 = {
						CreatedOnToolsVersion = 6.2;
						TestTargetID = 52040B1B1A44D7F2002A6683;
					};
					52040B441A44D83B002A6683 = {
						CreatedOnToolsVersion = 6.2;
					};
					52040B511A44D83B002A6683 = {
						CreatedOnToolsVersion = 6.2;
					};
				};
			};
			buildConfigurationList = 52040B171A44D7F2002A6683 /* Build configuration list for PBXProject "ChristmasGiftIdeas" */;
			compatibilityVersion = "Xcode 3.2";
			developmentRegion = English;
			hasScannedForEncodings = 0;
			knownRegions = (
				en,
				Base,
			);
			mainGroup = 52040B131A44D7F2002A6683;
			productRefGroup = 52040B1D1A44D7F2002A6683 /* Products */;
			projectDirPath = "";
			projectRoot = "";
			targets = (
				52040B1B1A44D7F2002A6683 /* ChristmasGiftIdeas */,
				52040B301A44D7F2002A6683 /* ChristmasGiftIdeasTests */,
				52040B441A44D83B002A6683 /* ChristmasGiftIdeas WatchKit Extension */,
				52040B511A44D83B002A6683 /* ChristmasGiftIdeas Watch App */,
			);
		};
/* End PBXProject section */

/* Begin PBXResourcesBuildPhase section */
		52040B1A1A44D7F2002A6683 /* Resources */ = {
			isa = PBXResourcesBuildPhase;
			buildActionMask = 2147483647;
			files = (
				52040B271A44D7F2002A6683 /* Main.storyboard in Resources */,
				52040B2C1A44D7F2002A6683 /* LaunchScreen.xib in Resources */,
				52040B291A44D7F2002A6683 /* Images.xcassets in Resources */,
			);
			runOnlyForDeploymentPostprocessing = 0;
		};
		52040B2F1A44D7F2002A6683 /* Resources */ = {
			isa = PBXResourcesBuildPhase;
			buildActionMask = 2147483647;
			files = (
			);
			runOnlyForDeploymentPostprocessing = 0;
		};
		52040B431A44D83B002A6683 /* Resources */ = {
			isa = PBXResourcesBuildPhase;
			buildActionMask = 2147483647;
			files = (
				52040B531A44D83B002A6683 /* ChristmasGiftIdeas Watch App.app in Resources */,
				52040B4F1A44D83B002A6683 /* Images.xcassets in Resources */,
			);
			runOnlyForDeploymentPostprocessing = 0;
		};
		52040B501A44D83B002A6683 /* Resources */ = {
			isa = PBXResourcesBuildPhase;
			buildActionMask = 2147483647;
			files = (
				52040B5A1A44D83B002A6683 /* Interface.storyboard in Resources */,
				52040B5C1A44D83B002A6683 /* Images.xcassets in Resources */,
			);
			runOnlyForDeploymentPostprocessing = 0;
		};
/* End PBXResourcesBuildPhase section */

/* Begin PBXSourcesBuildPhase section */
		52040B181A44D7F2002A6683 /* Sources */ = {
			isa = PBXSourcesBuildPhase;
			buildActionMask = 2147483647;
			files = (
				52040B241A44D7F2002A6683 /* ViewController.swift in Sources */,
				52040B221A44D7F2002A6683 /* AppDelegate.swift in Sources */,
			);
			runOnlyForDeploymentPostprocessing = 0;
		};
		52040B2D1A44D7F2002A6683 /* Sources */ = {
			isa = PBXSourcesBuildPhase;
			buildActionMask = 2147483647;
			files = (
				52040B381A44D7F2002A6683 /* ChristmasGiftIdeasTests.swift in Sources */,
			);
			runOnlyForDeploymentPostprocessing = 0;
		};
		52040B411A44D83B002A6683 /* Sources */ = {
			isa = PBXSourcesBuildPhase;
			buildActionMask = 2147483647;
			files = (
				52040B4D1A44D83B002A6683 /* InterfaceController.swift in Sources */,
			);
			runOnlyForDeploymentPostprocessing = 0;
		};
/* End PBXSourcesBuildPhase section */

/* Begin PBXTargetDependency section */
		52040B331A44D7F2002A6683 /* PBXTargetDependency */ = {
			isa = PBXTargetDependency;
			target = 52040B1B1A44D7F2002A6683 /* ChristmasGiftIdeas */;
			targetProxy = 52040B321A44D7F2002A6683 /* PBXContainerItemProxy */;
		};
		52040B551A44D83B002A6683 /* PBXTargetDependency */ = {
			isa = PBXTargetDependency;
			target = 52040B511A44D83B002A6683 /* ChristmasGiftIdeas Watch App */;
			targetProxy = 52040B541A44D83B002A6683 /* PBXContainerItemProxy */;
		};
		52040B5E1A44D83B002A6683 /* PBXTargetDependency */ = {
			isa = PBXTargetDependency;
			target = 52040B441A44D83B002A6683 /* ChristmasGiftIdeas WatchKit Extension */;
			targetProxy = 52040B5D1A44D83B002A6683 /* PBXContainerItemProxy */;
		};
/* End PBXTargetDependency section */

/* Begin PBXVariantGroup section */
		52040B251A44D7F2002A6683 /* Main.storyboard */ = {
			isa = PBXVariantGroup;
			children = (
				52040B261A44D7F2002A6683 /* Base */,
			);
			name = Main.storyboard;
			sourceTree = "<group>";
		};
		52040B2A1A44D7F2002A6683 /* LaunchScreen.xib */ = {
			isa = PBXVariantGroup;
			children = (
				52040B2B1A44D7F2002A6683 /* Base */,
			);
			name = LaunchScreen.xib;
			sourceTree = "<group>";
		};
/* End PBXVariantGroup section */

/* Begin XCBuildConfiguration section */
		52040B391A44D7F2002A6683 /* Debug */ = {
			isa = XCBuildConfiguration;
			buildSettings = {
				ALWAYS_SEARCH_USER_PATHS = NO;
				CLANG_CXX_LANGUAGE_STANDARD = "gnu++0x";
				CLANG_CXX_LIBRARY = "libc++";
				CLANG_ENABLE_MODULES = YES;
				CLANG_ENABLE_OBJC_ARC = YES;
				CLANG_WARN_BOOL_CONVERSION = YES;
				CLANG_WARN_CONSTANT_CONVERSION = YES;
				CLANG_WARN_DIRECT_OBJC_ISA_USAGE = YES_ERROR;
				CLANG_WARN_EMPTY_BODY = YES;
				CLANG_WARN_ENUM_CONVERSION = YES;
				CLANG_WARN_INT_CONVERSION = YES;
				CLANG_WARN_OBJC_ROOT_CLASS = YES_ERROR;
				CLANG_WARN_UNREACHABLE_CODE = YES;
				CLANG_WARN__DUPLICATE_METHOD_MATCH = YES;
				"CODE_SIGN_IDENTITY[sdk=iphoneos*]" = "iPhone Developer";
				COPY_PHASE_STRIP = NO;
				ENABLE_STRICT_OBJC_MSGSEND = YES;
				GCC_C_LANGUAGE_STANDARD = gnu99;
				GCC_DYNAMIC_NO_PIC = NO;
				GCC_OPTIMIZATION_LEVEL = 0;
				GCC_PREPROCESSOR_DEFINITIONS = (
					"DEBUG=1",
					"$(inherited)",
				);
				GCC_SYMBOLS_PRIVATE_EXTERN = NO;
				GCC_WARN_64_TO_32_BIT_CONVERSION = YES;
				GCC_WARN_ABOUT_RETURN_TYPE = YES_ERROR;
				GCC_WARN_UNDECLARED_SELECTOR = YES;
				GCC_WARN_UNINITIALIZED_AUTOS = YES_AGGRESSIVE;
				GCC_WARN_UNUSED_FUNCTION = YES;
				GCC_WARN_UNUSED_VARIABLE = YES;
				IPHONEOS_DEPLOYMENT_TARGET = 8.2;
				MTL_ENABLE_DEBUG_INFO = YES;
				ONLY_ACTIVE_ARCH = YES;
				SDKROOT = iphoneos;
				SWIFT_OPTIMIZATION_LEVEL = "-Onone";
			};
			name = Debug;
		};
		52040B3A1A44D7F2002A6683 /* Release */ = {
			isa = XCBuildConfiguration;
			buildSettings = {
				ALWAYS_SEARCH_USER_PATHS = NO;
				CLANG_CXX_LANGUAGE_STANDARD = "gnu++0x";
				CLANG_CXX_LIBRARY = "libc++";
				CLANG_ENABLE_MODULES = YES;
				CLANG_ENABLE_OBJC_ARC = YES;
				CLANG_WARN_BOOL_CONVERSION = YES;
				CLANG_WARN_CONSTANT_CONVERSION = YES;
				CLANG_WARN_DIRECT_OBJC_ISA_USAGE = YES_ERROR;
				CLANG_WARN_EMPTY_BODY = YES;
				CLANG_WARN_ENUM_CONVERSION = YES;
				CLANG_WARN_INT_CONVERSION = YES;
				CLANG_WARN_OBJC_ROOT_CLASS = YES_ERROR;
				CLANG_WARN_UNREACHABLE_CODE = YES;
				CLANG_WARN__DUPLICATE_METHOD_MATCH = YES;
				"CODE_SIGN_IDENTITY[sdk=iphoneos*]" = "iPhone Developer";
				COPY_PHASE_STRIP = YES;
				ENABLE_NS_ASSERTIONS = NO;
				ENABLE_STRICT_OBJC_MSGSEND = YES;
				GCC_C_LANGUAGE_STANDARD = gnu99;
				GCC_WARN_64_TO_32_BIT_CONVERSION = YES;
				GCC_WARN_ABOUT_RETURN_TYPE = YES_ERROR;
				GCC_WARN_UNDECLARED_SELECTOR = YES;
				GCC_WARN_UNINITIALIZED_AUTOS = YES_AGGRESSIVE;
				GCC_WARN_UNUSED_FUNCTION = YES;
				GCC_WARN_UNUSED_VARIABLE = YES;
				IPHONEOS_DEPLOYMENT_TARGET = 8.2;
				MTL_ENABLE_DEBUG_INFO = NO;
				SDKROOT = iphoneos;
				VALIDATE_PRODUCT = YES;
			};
			name = Release;
		};
		52040B3C1A44D7F2002A6683 /* Debug */ = {
			isa = XCBuildConfiguration;
			buildSettings = {
				ASSETCATALOG_COMPILER_APPICON_NAME = AppIcon;
				EMBEDDED_CONTENT_CONTAINS_SWIFT = YES;
				INFOPLIST_FILE = ChristmasGiftIdeas/Info.plist;
				LD_RUNPATH_SEARCH_PATHS = "$(inherited) @executable_path/Frameworks";
				PRODUCT_NAME = "$(TARGET_NAME)";
			};
			name = Debug;
		};
		52040B3D1A44D7F2002A6683 /* Release */ = {
			isa = XCBuildConfiguration;
			buildSettings = {
				ASSETCATALOG_COMPILER_APPICON_NAME = AppIcon;
				EMBEDDED_CONTENT_CONTAINS_SWIFT = YES;
				INFOPLIST_FILE = ChristmasGiftIdeas/Info.plist;
				LD_RUNPATH_SEARCH_PATHS = "$(inherited) @executable_path/Frameworks";
				PRODUCT_NAME = "$(TARGET_NAME)";
			};
			name = Release;
		};
		52040B3F1A44D7F2002A6683 /* Debug */ = {
			isa = XCBuildConfiguration;
			buildSettings = {
				BUNDLE_LOADER = "$(TEST_HOST)";
				FRAMEWORK_SEARCH_PATHS = (
					"$(SDKROOT)/Developer/Library/Frameworks",
					"$(inherited)",
				);
				GCC_PREPROCESSOR_DEFINITIONS = (
					"DEBUG=1",
					"$(inherited)",
				);
				INFOPLIST_FILE = ChristmasGiftIdeasTests/Info.plist;
				LD_RUNPATH_SEARCH_PATHS = "$(inherited) @executable_path/Frameworks @loader_path/Frameworks";
				PRODUCT_NAME = "$(TARGET_NAME)";
				TEST_HOST = "$(BUILT_PRODUCTS_DIR)/ChristmasGiftIdeas.app/ChristmasGiftIdeas";
			};
			name = Debug;
		};
		52040B401A44D7F2002A6683 /* Release */ = {
			isa = XCBuildConfiguration;
			buildSettings = {
				BUNDLE_LOADER = "$(TEST_HOST)";
				FRAMEWORK_SEARCH_PATHS = (
					"$(SDKROOT)/Developer/Library/Frameworks",
					"$(inherited)",
				);
				INFOPLIST_FILE = ChristmasGiftIdeasTests/Info.plist;
				LD_RUNPATH_SEARCH_PATHS = "$(inherited) @executable_path/Frameworks @loader_path/Frameworks";
				PRODUCT_NAME = "$(TARGET_NAME)";
				TEST_HOST = "$(BUILT_PRODUCTS_DIR)/ChristmasGiftIdeas.app/ChristmasGiftIdeas";
			};
			name = Release;
		};
		52040B611A44D83B002A6683 /* Debug */ = {
			isa = XCBuildConfiguration;
			buildSettings = {
				ASSETCATALOG_COMPILER_APPICON_NAME = AppIcon;
				ASSETCATALOG_COMPILER_LAUNCHIMAGE_NAME = LaunchImage;
				GCC_PREPROCESSOR_DEFINITIONS = (
					"DEBUG=1",
					"$(inherited)",
				);
				IBSC_MODULE = ChristmasGiftIdeas_WatchKit_Extension;
				INFOPLIST_FILE = "ChristmasGiftIdeas Watch App/Info.plist";
				PRODUCT_NAME = "$(TARGET_NAME)";
				SKIP_INSTALL = YES;
				TARGETED_DEVICE_FAMILY = 4;
				"TARGETED_DEVICE_FAMILY[sdk=iphonesimulator*]" = "1,4";
			};
			name = Debug;
		};
		52040B621A44D83B002A6683 /* Release */ = {
			isa = XCBuildConfiguration;
			buildSettings = {
				ASSETCATALOG_COMPILER_APPICON_NAME = AppIcon;
				ASSETCATALOG_COMPILER_LAUNCHIMAGE_NAME = LaunchImage;
				IBSC_MODULE = ChristmasGiftIdeas_WatchKit_Extension;
				INFOPLIST_FILE = "ChristmasGiftIdeas Watch App/Info.plist";
				PRODUCT_NAME = "$(TARGET_NAME)";
				SKIP_INSTALL = YES;
				TARGETED_DEVICE_FAMILY = 4;
				"TARGETED_DEVICE_FAMILY[sdk=iphonesimulator*]" = "1,4";
			};
			name = Release;
		};
		52040B641A44D83B002A6683 /* Debug */ = {
			isa = XCBuildConfiguration;
			buildSettings = {
				GCC_PREPROCESSOR_DEFINITIONS = (
					"DEBUG=1",
					"$(inherited)",
				);
				INFOPLIST_FILE = "ChristmasGiftIdeas WatchKit Extension/Info.plist";
				LD_RUNPATH_SEARCH_PATHS = "$(inherited) @executable_path/Frameworks @executable_path/../../Frameworks";
				PRODUCT_NAME = "${TARGET_NAME}";
				SKIP_INSTALL = YES;
			};
			name = Debug;
		};
		52040B651A44D83B002A6683 /* Release */ = {
			isa = XCBuildConfiguration;
			buildSettings = {
				INFOPLIST_FILE = "ChristmasGiftIdeas WatchKit Extension/Info.plist";
				LD_RUNPATH_SEARCH_PATHS = "$(inherited) @executable_path/Frameworks @executable_path/../../Frameworks";
				PRODUCT_NAME = "${TARGET_NAME}";
				SKIP_INSTALL = YES;
			};
			name = Release;
		};
/* End XCBuildConfiguration section */

/* Begin XCConfigurationList section */
		52040B171A44D7F2002A6683 /* Build configuration list for PBXProject "ChristmasGiftIdeas" */ = {
			isa = XCConfigurationList;
			buildConfigurations = (
				52040B391A44D7F2002A6683 /* Debug */,
				52040B3A1A44D7F2002A6683 /* Release */,
			);
			defaultConfigurationIsVisible = 0;
			defaultConfigurationName = Release;
		};
		52040B3B1A44D7F2002A6683 /* Build configuration list for PBXNativeTarget "ChristmasGiftIdeas" */ = {
			isa = XCConfigurationList;
			buildConfigurations = (
				52040B3C1A44D7F2002A6683 /* Debug */,
				52040B3D1A44D7F2002A6683 /* Release */,
			);
			defaultConfigurationIsVisible = 0;
		};
		52040B3E1A44D7F2002A6683 /* Build configuration list for PBXNativeTarget "ChristmasGiftIdeasTests" */ = {
			isa = XCConfigurationList;
			buildConfigurations = (
				52040B3F1A44D7F2002A6683 /* Debug */,
				52040B401A44D7F2002A6683 /* Release */,
			);
			defaultConfigurationIsVisible = 0;
		};
		52040B601A44D83B002A6683 /* Build configuration list for PBXNativeTarget "ChristmasGiftIdeas Watch App" */ = {
			isa = XCConfigurationList;
			buildConfigurations = (
				52040B611A44D83B002A6683 /* Debug */,
				52040B621A44D83B002A6683 /* Release */,
			);
			defaultConfigurationIsVisible = 0;
		};
		52040B631A44D83B002A6683 /* Build configuration list for PBXNativeTarget "ChristmasGiftIdeas WatchKit Extension" */ = {
			isa = XCConfigurationList;
			buildConfigurations = (
				52040B641A44D83B002A6683 /* Debug */,
				52040B651A44D83B002A6683 /* Release */,
			);
			defaultConfigurationIsVisible = 0;
		};
/* End XCConfigurationList section */
	};
	rootObject = 52040B141A44D7F2002A6683 /* Project object */;
}
